{
  "name": "sharing6-cli",
  "version": "0.0.0",
  "lockfileVersion": 1,
  "requires": true,
  "dependencies": {
    "commander": {
      "version": "10.0.1",
      "resolved": "https://registry.npmjs.org/commander/-/commander-10.0.1.tgz",
      "integrity": "sha512-y4Mg2tXshplEbSGzx7amzPwKKOCGuoSRP/CjEdwwk0FOGlUbq6lKuoyDZTNZkmxHdJtp54hdfY/JUrdL7Xfdug=="
    },
    "dirname-filename-esm": {
      "version": "1.1.1",
      "resolved": "https://registry.npmjs.org/dirname-filename-esm/-/dirname-filename-esm-1.1.1.tgz",
      "integrity": "sha512-BWBkv157Cf/z7Hjod2v2JS7vyC36Dk1QQolAtuLjpl8RBlv7Z92X7+Ufc2cjfR/B3iJUiK0QmGZkgtsmmLz0Tw=="
    },
    "fse": {
      "version": "4.0.1",
      "resolved": "https://registry.npmjs.org/fse/-/fse-4.0.1.tgz",
      "integrity": "sha512-5XLUrweQvJxSJKhBe3XjimHSJ2EUhYOG+K2tLQy8I9kp78Fa3CgUXqxAZWxE9+fsvnI5GVkHl4NDqbf1tSb93Q=="
    }
  }
}
